
Microsoft Visual Studio Solution File, Format Version 12.00
# Visual Studio Version 17
VisualStudioVersion = 17.4.33122.133
MinimumVisualStudioVersion = 10.0.40219.1
Project("{9A19103F-16F7-4668-BE54-9A1E7A4F7556}") = "HCG_N15", "HCG_N15\HCG_N15.csproj", "{4EF2F356-E5BA-4EBB-9AFB-119C703D804C}"
EndProject
Project("{2150E333-8FDC-42A3-9474-1A3956D46DE8}") = "Solution Items", "Solution Items", "{137A3CCE-8DA8-48DE-BBAB-E44F21E3DC7B}"
EndProject
Global
	GlobalSection(SolutionConfigurationPlatforms) = preSolution
		Debug|Any CPU = Debug|Any CPU
		Release|Any CPU = Release|Any CPU
	EndGlobalSection
	GlobalSection(ProjectConfigurationPlatforms) = postSolution
		{4EF2F356-E5BA-4EBB-9AFB-119C703D804C}.Debug|Any CPU.ActiveCfg = Debug|Any CPU
		{4EF2F356-E5BA-4EBB-9AFB-119C703D804C}.Debug|Any CPU.Build.0 = Debug|Any CPU
		{4EF2F356-E5BA-4EBB-9AFB-119C703D804C}.Release|Any CPU.ActiveCfg = Release|Any CPU
		{4EF2F356-E5BA-4EBB-9AFB-119C703D804C}.Release|Any CPU.Build.0 = Release|Any CPU
	EndGlobalSection
	GlobalSection(SolutionProperties) = preSolution
		HideSolutionNode = FALSE
	EndGlobalSection
	GlobalSection(ExtensibilityGlobals) = postSolution
		SolutionGuid = {A36FFA33-7EA7-414D-8FCD-3550F547166F}
	EndGlobalSection
EndGlobal
